
Microsoft Visual Studio Solution File, Format Version 12.00
# Visual Studio Version 17
VisualStudioVersion = 17.14.36301.6 d17.14
MinimumVisualStudioVersion = 10.0.40219.1
Project("{FAE04EC0-301F-11D3-BF4B-00C04F79EFBC}") = "assign 6", "assign 6\assign 6.csproj", "{E4DE0609-0806-438A-95B7-A6C3D4621112}"
EndProject
Global
	GlobalSection(SolutionConfigurationPlatforms) = preSolution
		Debug|Any CPU = Debug|Any CPU
		Release|Any CPU = Release|Any CPU
	EndGlobalSection
	GlobalSection(ProjectConfigurationPlatforms) = postSolution
		{E4DE0609-0806-438A-95B7-A6C3D4621112}.Debug|Any CPU.ActiveCfg = Debug|Any CPU
		{E4DE0609-0806-438A-95B7-A6C3D4621112}.Debug|Any CPU.Build.0 = Debug|Any CPU
		{E4DE0609-0806-438A-95B7-A6C3D4621112}.Release|Any CPU.ActiveCfg = Release|Any CPU
		{E4DE0609-0806-438A-95B7-A6C3D4621112}.Release|Any CPU.Build.0 = Release|Any CPU
	EndGlobalSection
	GlobalSection(SolutionProperties) = preSolution
		HideSolutionNode = FALSE
	EndGlobalSection
	GlobalSection(ExtensibilityGlobals) = postSolution
		SolutionGuid = {2ED6BAAC-53C5-4234-AA8F-DFBB0F3F3962}
	EndGlobalSection
EndGlobal
