
Microsoft Visual Studio Solution File, Format Version 12.00
# Visual Studio Version 17
VisualStudioVersion = 17.14.36301.6 d17.14
MinimumVisualStudioVersion = 10.0.40219.1
Project("{FAE04EC0-301F-11D3-BF4B-00C04F79EFBC}") = "assign 5", "ConsoleApp1\assign 5.csproj", "{96218D6E-19C5-4F55-BD3F-3E65F39A349E}"
EndProject
Global
	GlobalSection(SolutionConfigurationPlatforms) = preSolution
		Debug|Any CPU = Debug|Any CPU
		Release|Any CPU = Release|Any CPU
	EndGlobalSection
	GlobalSection(ProjectConfigurationPlatforms) = postSolution
		{96218D6E-19C5-4F55-BD3F-3E65F39A349E}.Debug|Any CPU.ActiveCfg = Debug|Any CPU
		{96218D6E-19C5-4F55-BD3F-3E65F39A349E}.Debug|Any CPU.Build.0 = Debug|Any CPU
		{96218D6E-19C5-4F55-BD3F-3E65F39A349E}.Release|Any CPU.ActiveCfg = Release|Any CPU
		{96218D6E-19C5-4F55-BD3F-3E65F39A349E}.Release|Any CPU.Build.0 = Release|Any CPU
	EndGlobalSection
	GlobalSection(SolutionProperties) = preSolution
		HideSolutionNode = FALSE
	EndGlobalSection
	GlobalSection(ExtensibilityGlobals) = postSolution
		SolutionGuid = {86FEE64D-4AFE-410C-A028-38997549064C}
	EndGlobalSection
EndGlobal
